{
  "R": {
    "Version": "4.1.0",
    "Repositories": [
      {
        "Name": "CRAN",
        "URL": "https://cran.rstudio.com"
      }
    ]
  },
  "Packages": {
    "Matrix": {
      "Package": "Matrix",
      "Version": "1.3-3",
      "Source": "Repository",
      "Repository": "CRAN",
      "Hash": "df57c82e79600601287edfdcef92c2d6"
    },
    "lattice": {
      "Package": "lattice",
      "Version": "0.20-44",
      "Source": "Repository",
      "Repository": "CRAN",
      "Hash": "f36bf1a849d9106dc2af72e501f9de41"
    },
    "renv": {
      "Package": "renv",
      "Version": "0.14.0",
      "Source": "Repository",
      "Repository": "CRAN",
      "Hash": "30e5eba91b67f7f4d75d31de14bbfbdc"
    },
    "rootSolve": {
      "Package": "rootSolve",
      "Version": "1.8.2.1",
      "Source": "Repository",
      "Repository": "CRAN",
      "Hash": "d62eb8dc158952de565c611ea8498e4c"
    }
  }
}
